
Microsoft Visual Studio Solution File, Format Version 12.00
# Visual Studio Version 17
VisualStudioVersion = 17.13.35825.156 d17.13
MinimumVisualStudioVersion = 10.0.40219.1
Project("{FAE04EC0-301F-11D3-BF4B-00C04F79EFBC}") = "VShop.ProductApi", "VShop.ProductApi\VShop.ProductApi.csproj", "{268B7748-E20D-448C-8DC1-910F7994E57A}"
EndProject
Global
	GlobalSection(SolutionConfigurationPlatforms) = preSolution
		Debug|Any CPU = Debug|Any CPU
		Release|Any CPU = Release|Any CPU
	EndGlobalSection
	GlobalSection(ProjectConfigurationPlatforms) = postSolution
		{268B7748-E20D-448C-8DC1-910F7994E57A}.Debug|Any CPU.ActiveCfg = Debug|Any CPU
		{268B7748-E20D-448C-8DC1-910F7994E57A}.Debug|Any CPU.Build.0 = Debug|Any CPU
		{268B7748-E20D-448C-8DC1-910F7994E57A}.Release|Any CPU.ActiveCfg = Release|Any CPU
		{268B7748-E20D-448C-8DC1-910F7994E57A}.Release|Any CPU.Build.0 = Release|Any CPU
	EndGlobalSection
	GlobalSection(SolutionProperties) = preSolution
		HideSolutionNode = FALSE
	EndGlobalSection
	GlobalSection(ExtensibilityGlobals) = postSolution
		SolutionGuid = {3B4F79DB-1C28-46DE-A50F-E4FA7D1F7628}
	EndGlobalSection
EndGlobal
